
Microsoft Visual Studio Solution File, Format Version 12.00
Project("{2150E333-8FDC-42A3-9474-1A3956D46DE8}") = "Solution Items", "Solution Items", "{8384C71A-8CC9-4534-99CC-3108FCBB04AC}"
	ProjectSection(SolutionItems) = preProject
		.editorconfig = .editorconfig
		.gitattributes = .gitattributes
		.gitignore = .gitignore
		Directory.Build.props = Directory.Build.props
		Directory.Build.targets = Directory.Build.targets
		global.json = global.json
		README.md = README.md
		renovate.json = renovate.json
		stylecop.json = stylecop.json
		dotnet-tools.json = dotnet-tools.json
		build.cake = build.cake
		LICENSE.md = LICENSE.md
		Directory.Packages.props = Directory.Packages.props
	EndProjectSection
EndProject
Project("{2150E333-8FDC-42A3-9474-1A3956D46DE8}") = "GitHubActions", "GitHubActions", "{3D8DC738-1906-439A-9EC4-C063E1290F22}"
	ProjectSection(SolutionItems) = preProject
		.github\workflows\pull-requests.yml = .github\workflows\pull-requests.yml
		.github\workflows\release.yml = .github\workflows\release.yml
	EndProjectSection
EndProject
Project("{FAE04EC0-301F-11D3-BF4B-00C04F79EFBC}") = "SimCube.PulumiDeployments", "src\SimCube.PulumiDeployments\SimCube.PulumiDeployments.csproj", "{0B53F661-64B8-477C-BCC2-584B6AE5FA5C}"
EndProject
Global
	GlobalSection(SolutionConfigurationPlatforms) = preSolution
		Debug|Any CPU = Debug|Any CPU
		Release|Any CPU = Release|Any CPU
	EndGlobalSection
	GlobalSection(ProjectConfigurationPlatforms) = postSolution
		{0B53F661-64B8-477C-BCC2-584B6AE5FA5C}.Debug|Any CPU.ActiveCfg = Debug|Any CPU
		{0B53F661-64B8-477C-BCC2-584B6AE5FA5C}.Debug|Any CPU.Build.0 = Debug|Any CPU
		{0B53F661-64B8-477C-BCC2-584B6AE5FA5C}.Release|Any CPU.ActiveCfg = Release|Any CPU
		{0B53F661-64B8-477C-BCC2-584B6AE5FA5C}.Release|Any CPU.Build.0 = Release|Any CPU
	EndGlobalSection
	GlobalSection(NestedProjects) = preSolution
		{3D8DC738-1906-439A-9EC4-C063E1290F22} = {8384C71A-8CC9-4534-99CC-3108FCBB04AC}
	EndGlobalSection
EndGlobal
